
Microsoft Visual Studio Solution File, Format Version 12.00
# Visual Studio Version 17
VisualStudioVersion = 17.13.36105.23 d17.13
MinimumVisualStudioVersion = 10.0.40219.1
Project("{FAE04EC0-301F-11D3-BF4B-00C04F79EFBC}") = "Cuttage", "Cuttage.csproj", "{F71AB901-7094-4526-ABCA-2AFC8554633C}"
EndProject
Global
	GlobalSection(SolutionConfigurationPlatforms) = preSolution
		Debug|Any CPU = Debug|Any CPU
		Release|Any CPU = Release|Any CPU
	EndGlobalSection
	GlobalSection(ProjectConfigurationPlatforms) = postSolution
		{F71AB901-7094-4526-ABCA-2AFC8554633C}.Debug|Any CPU.ActiveCfg = Debug|Any CPU
		{F71AB901-7094-4526-ABCA-2AFC8554633C}.Debug|Any CPU.Build.0 = Debug|Any CPU
		{F71AB901-7094-4526-ABCA-2AFC8554633C}.Release|Any CPU.ActiveCfg = Release|Any CPU
		{F71AB901-7094-4526-ABCA-2AFC8554633C}.Release|Any CPU.Build.0 = Release|Any CPU
	EndGlobalSection
	GlobalSection(SolutionProperties) = preSolution
		HideSolutionNode = FALSE
	EndGlobalSection
	GlobalSection(ExtensibilityGlobals) = postSolution
		SolutionGuid = {1A7A1EF4-F023-4983-A6D1-969D1FD9FE49}
	EndGlobalSection
EndGlobal
